
Microsoft Visual Studio Solution File, Format Version 12.00
# Visual Studio 15
VisualStudioVersion = 15.0.27428.2015
MinimumVisualStudioVersion = 10.0.40219.1
Project("{FAE04EC0-301F-11D3-BF4B-00C04F79EFBC}") = "lab1_2", "lab1_2\lab1_2.csproj", "{BDE1C2C8-5450-4055-9E88-7A6924988767}"
EndProject
Global
	GlobalSection(SolutionConfigurationPlatforms) = preSolution
		Debug|Any CPU = Debug|Any CPU
		Release|Any CPU = Release|Any CPU
	EndGlobalSection
	GlobalSection(ProjectConfigurationPlatforms) = postSolution
		{BDE1C2C8-5450-4055-9E88-7A6924988767}.Debug|Any CPU.ActiveCfg = Debug|Any CPU
		{BDE1C2C8-5450-4055-9E88-7A6924988767}.Debug|Any CPU.Build.0 = Debug|Any CPU
		{BDE1C2C8-5450-4055-9E88-7A6924988767}.Release|Any CPU.ActiveCfg = Release|Any CPU
		{BDE1C2C8-5450-4055-9E88-7A6924988767}.Release|Any CPU.Build.0 = Release|Any CPU
	EndGlobalSection
	GlobalSection(SolutionProperties) = preSolution
		HideSolutionNode = FALSE
	EndGlobalSection
	GlobalSection(ExtensibilityGlobals) = postSolution
		SolutionGuid = {62300D94-B703-464F-A8E0-8E6212DBF3C7}
	EndGlobalSection
EndGlobal
